
Microsoft Visual Studio Solution File, Format Version 12.00
# Visual Studio Version 16
VisualStudioVersion = 16.0.29905.134
MinimumVisualStudioVersion = 10.0.40219.1
Project("{FAE04EC0-301F-11D3-BF4B-00C04F79EFBC}") = "TESOAR_MARK2.CLIENT", "TESOAR_MARK2.CLIENT\TESOAR_MARK2.CLIENT.csproj", "{27D2050B-7436-4064-A15C-9502BD5F1B81}"
EndProject
Project("{FAE04EC0-301F-11D3-BF4B-00C04F79EFBC}") = "TESOAR_MARK2.SERVER", "TESOAR_MARK2.SERVER\TESOAR_MARK2.SERVER.csproj", "{559D2BF3-C665-408E-95EC-B6928EEAA7B5}"
EndProject
Global
	GlobalSection(SolutionConfigurationPlatforms) = preSolution
		Debug|Any CPU = Debug|Any CPU
		Release|Any CPU = Release|Any CPU
	EndGlobalSection
	GlobalSection(ProjectConfigurationPlatforms) = postSolution
		{27D2050B-7436-4064-A15C-9502BD5F1B81}.Debug|Any CPU.ActiveCfg = Debug|Any CPU
		{27D2050B-7436-4064-A15C-9502BD5F1B81}.Debug|Any CPU.Build.0 = Debug|Any CPU
		{27D2050B-7436-4064-A15C-9502BD5F1B81}.Release|Any CPU.ActiveCfg = Release|Any CPU
		{27D2050B-7436-4064-A15C-9502BD5F1B81}.Release|Any CPU.Build.0 = Release|Any CPU
		{559D2BF3-C665-408E-95EC-B6928EEAA7B5}.Debug|Any CPU.ActiveCfg = Debug|Any CPU
		{559D2BF3-C665-408E-95EC-B6928EEAA7B5}.Debug|Any CPU.Build.0 = Debug|Any CPU
		{559D2BF3-C665-408E-95EC-B6928EEAA7B5}.Release|Any CPU.ActiveCfg = Release|Any CPU
		{559D2BF3-C665-408E-95EC-B6928EEAA7B5}.Release|Any CPU.Build.0 = Release|Any CPU
	EndGlobalSection
	GlobalSection(SolutionProperties) = preSolution
		HideSolutionNode = FALSE
	EndGlobalSection
	GlobalSection(ExtensibilityGlobals) = postSolution
		SolutionGuid = {DC96EF6E-93D9-4581-8C83-BD589BB71730}
	EndGlobalSection
EndGlobal
